
Microsoft Visual Studio Solution File, Format Version 12.00
# Visual Studio Version 16
VisualStudioVersion = 16.0.31829.152
MinimumVisualStudioVersion = 10.0.40219.1
Project("{FAE04EC0-301F-11D3-BF4B-00C04F79EFBC}") = "var", "var\var.csproj", "{A422B321-9EBD-4E21-A538-B4A50D6959FA}"
EndProject
Global
	GlobalSection(SolutionConfigurationPlatforms) = preSolution
		Debug|Any CPU = Debug|Any CPU
		Release|Any CPU = Release|Any CPU
	EndGlobalSection
	GlobalSection(ProjectConfigurationPlatforms) = postSolution
		{A422B321-9EBD-4E21-A538-B4A50D6959FA}.Debug|Any CPU.ActiveCfg = Debug|Any CPU
		{A422B321-9EBD-4E21-A538-B4A50D6959FA}.Debug|Any CPU.Build.0 = Debug|Any CPU
		{A422B321-9EBD-4E21-A538-B4A50D6959FA}.Release|Any CPU.ActiveCfg = Release|Any CPU
		{A422B321-9EBD-4E21-A538-B4A50D6959FA}.Release|Any CPU.Build.0 = Release|Any CPU
	EndGlobalSection
	GlobalSection(SolutionProperties) = preSolution
		HideSolutionNode = FALSE
	EndGlobalSection
	GlobalSection(ExtensibilityGlobals) = postSolution
		SolutionGuid = {C5725D89-305D-4677-A18C-A5BC249B659C}
	EndGlobalSection
EndGlobal
