
Microsoft Visual Studio Solution File, Format Version 12.00
# Visual Studio Version 16
VisualStudioVersion = 16.0.31829.152
MinimumVisualStudioVersion = 10.0.40219.1
Project("{FAE04EC0-301F-11D3-BF4B-00C04F79EFBC}") = "l74kex_week11", "l74kex_week11\l74kex_week11.csproj", "{0D5996AE-E2D5-4AB5-8DA4-6FFE77ED2EAA}"
EndProject
Global
	GlobalSection(SolutionConfigurationPlatforms) = preSolution
		Debug|Any CPU = Debug|Any CPU
		Release|Any CPU = Release|Any CPU
	EndGlobalSection
	GlobalSection(ProjectConfigurationPlatforms) = postSolution
		{0D5996AE-E2D5-4AB5-8DA4-6FFE77ED2EAA}.Debug|Any CPU.ActiveCfg = Debug|Any CPU
		{0D5996AE-E2D5-4AB5-8DA4-6FFE77ED2EAA}.Debug|Any CPU.Build.0 = Debug|Any CPU
		{0D5996AE-E2D5-4AB5-8DA4-6FFE77ED2EAA}.Release|Any CPU.ActiveCfg = Release|Any CPU
		{0D5996AE-E2D5-4AB5-8DA4-6FFE77ED2EAA}.Release|Any CPU.Build.0 = Release|Any CPU
	EndGlobalSection
	GlobalSection(SolutionProperties) = preSolution
		HideSolutionNode = FALSE
	EndGlobalSection
	GlobalSection(ExtensibilityGlobals) = postSolution
		SolutionGuid = {AC620B7F-6F2F-4106-8CAA-FAE75613195A}
	EndGlobalSection
EndGlobal
