
Microsoft Visual Studio Solution File, Format Version 12.00
# Visual Studio Version 16
VisualStudioVersion = 16.0.31829.152
MinimumVisualStudioVersion = 10.0.40219.1
Project("{FAE04EC0-301F-11D3-BF4B-00C04F79EFBC}") = "webszolg", "webszolg\webszolg.csproj", "{B6AC16A1-2C78-477D-9FE8-D19C10A36E06}"
EndProject
Global
	GlobalSection(SolutionConfigurationPlatforms) = preSolution
		Debug|Any CPU = Debug|Any CPU
		Release|Any CPU = Release|Any CPU
	EndGlobalSection
	GlobalSection(ProjectConfigurationPlatforms) = postSolution
		{B6AC16A1-2C78-477D-9FE8-D19C10A36E06}.Debug|Any CPU.ActiveCfg = Debug|Any CPU
		{B6AC16A1-2C78-477D-9FE8-D19C10A36E06}.Debug|Any CPU.Build.0 = Debug|Any CPU
		{B6AC16A1-2C78-477D-9FE8-D19C10A36E06}.Release|Any CPU.ActiveCfg = Release|Any CPU
		{B6AC16A1-2C78-477D-9FE8-D19C10A36E06}.Release|Any CPU.Build.0 = Release|Any CPU
	EndGlobalSection
	GlobalSection(SolutionProperties) = preSolution
		HideSolutionNode = FALSE
	EndGlobalSection
	GlobalSection(ExtensibilityGlobals) = postSolution
		SolutionGuid = {8B58D42F-6349-43F0-86C2-C71CC14AC62F}
	EndGlobalSection
EndGlobal
