
Microsoft Visual Studio Solution File, Format Version 12.00
# Visual Studio Version 16
VisualStudioVersion = 16.0.31702.278
MinimumVisualStudioVersion = 10.0.40219.1
Project("{FAE04EC0-301F-11D3-BF4B-00C04F79EFBC}") = "UserMaintenance", "UserMaintenance\UserMaintenance.csproj", "{F756256A-95C5-47C4-BDD2-AA989A48CC85}"
EndProject
Global
	GlobalSection(SolutionConfigurationPlatforms) = preSolution
		Debug|Any CPU = Debug|Any CPU
		Release|Any CPU = Release|Any CPU
	EndGlobalSection
	GlobalSection(ProjectConfigurationPlatforms) = postSolution
		{F756256A-95C5-47C4-BDD2-AA989A48CC85}.Debug|Any CPU.ActiveCfg = Debug|Any CPU
		{F756256A-95C5-47C4-BDD2-AA989A48CC85}.Debug|Any CPU.Build.0 = Debug|Any CPU
		{F756256A-95C5-47C4-BDD2-AA989A48CC85}.Release|Any CPU.ActiveCfg = Release|Any CPU
		{F756256A-95C5-47C4-BDD2-AA989A48CC85}.Release|Any CPU.Build.0 = Release|Any CPU
	EndGlobalSection
	GlobalSection(SolutionProperties) = preSolution
		HideSolutionNode = FALSE
	EndGlobalSection
	GlobalSection(ExtensibilityGlobals) = postSolution
		SolutionGuid = {D5ED14B8-2338-4D51-88B5-BADCC8A385B0}
	EndGlobalSection
EndGlobal
