
Microsoft Visual Studio Solution File, Format Version 12.00
# Visual Studio Version 16
VisualStudioVersion = 16.0.31829.152
MinimumVisualStudioVersion = 10.0.40219.1
Project("{FAE04EC0-301F-11D3-BF4B-00C04F79EFBC}") = "l74kex_week09", "l74kex_week09\l74kex_week09.csproj", "{AB77BBB3-EB97-4A9C-BBB6-5123023A7176}"
EndProject
Global
	GlobalSection(SolutionConfigurationPlatforms) = preSolution
		Debug|Any CPU = Debug|Any CPU
		Release|Any CPU = Release|Any CPU
	EndGlobalSection
	GlobalSection(ProjectConfigurationPlatforms) = postSolution
		{AB77BBB3-EB97-4A9C-BBB6-5123023A7176}.Debug|Any CPU.ActiveCfg = Debug|Any CPU
		{AB77BBB3-EB97-4A9C-BBB6-5123023A7176}.Debug|Any CPU.Build.0 = Debug|Any CPU
		{AB77BBB3-EB97-4A9C-BBB6-5123023A7176}.Release|Any CPU.ActiveCfg = Release|Any CPU
		{AB77BBB3-EB97-4A9C-BBB6-5123023A7176}.Release|Any CPU.Build.0 = Release|Any CPU
	EndGlobalSection
	GlobalSection(SolutionProperties) = preSolution
		HideSolutionNode = FALSE
	EndGlobalSection
	GlobalSection(ExtensibilityGlobals) = postSolution
		SolutionGuid = {49CCF75D-AEB7-471B-A279-981FB0A2625C}
	EndGlobalSection
EndGlobal
