
Microsoft Visual Studio Solution File, Format Version 12.00
# Visual Studio Version 16
VisualStudioVersion = 16.0.31829.152
MinimumVisualStudioVersion = 10.0.40219.1
Project("{FAE04EC0-301F-11D3-BF4B-00C04F79EFBC}") = "l74kex", "l74kex\l74kex.csproj", "{25C094C9-C61B-426B-84DB-D814847E855C}"
EndProject
Global
	GlobalSection(SolutionConfigurationPlatforms) = preSolution
		Debug|Any CPU = Debug|Any CPU
		Release|Any CPU = Release|Any CPU
	EndGlobalSection
	GlobalSection(ProjectConfigurationPlatforms) = postSolution
		{25C094C9-C61B-426B-84DB-D814847E855C}.Debug|Any CPU.ActiveCfg = Debug|Any CPU
		{25C094C9-C61B-426B-84DB-D814847E855C}.Debug|Any CPU.Build.0 = Debug|Any CPU
		{25C094C9-C61B-426B-84DB-D814847E855C}.Release|Any CPU.ActiveCfg = Release|Any CPU
		{25C094C9-C61B-426B-84DB-D814847E855C}.Release|Any CPU.Build.0 = Release|Any CPU
	EndGlobalSection
	GlobalSection(SolutionProperties) = preSolution
		HideSolutionNode = FALSE
	EndGlobalSection
	GlobalSection(ExtensibilityGlobals) = postSolution
		SolutionGuid = {3585C1F8-0197-4B04-B482-BD5EEDDB5537}
	EndGlobalSection
EndGlobal
